
Microsoft Visual Studio Solution File, Format Version 12.00
# Visual Studio 15
VisualStudioVersion = 15.0.26730.10
MinimumVisualStudioVersion = 10.0.40219.1
Project("{9A19103F-16F7-4668-BE54-9A1E7A4F7556}") = "SJP.DiskCache", "SJP.DiskCache\SJP.DiskCache.csproj", "{5D81F453-A8F8-44A2-B66F-923860A38E94}"
EndProject
Project("{FAE04EC0-301F-11D3-BF4B-00C04F79EFBC}") = "SJP.DiskCache.ConsoleTest", "SJP.DiskCache.ConsoleTest\SJP.DiskCache.ConsoleTest.csproj", "{10421950-93B5-4810-977E-85E1BE5C0D4A}"
EndProject
Global
	GlobalSection(SolutionConfigurationPlatforms) = preSolution
		Debug|Any CPU = Debug|Any CPU
		Release|Any CPU = Release|Any CPU
	EndGlobalSection
	GlobalSection(ProjectConfigurationPlatforms) = postSolution
		{5D81F453-A8F8-44A2-B66F-923860A38E94}.Debug|Any CPU.ActiveCfg = Debug|Any CPU
		{5D81F453-A8F8-44A2-B66F-923860A38E94}.Debug|Any CPU.Build.0 = Debug|Any CPU
		{5D81F453-A8F8-44A2-B66F-923860A38E94}.Release|Any CPU.ActiveCfg = Release|Any CPU
		{5D81F453-A8F8-44A2-B66F-923860A38E94}.Release|Any CPU.Build.0 = Release|Any CPU
		{10421950-93B5-4810-977E-85E1BE5C0D4A}.Debug|Any CPU.ActiveCfg = Debug|Any CPU
		{10421950-93B5-4810-977E-85E1BE5C0D4A}.Debug|Any CPU.Build.0 = Debug|Any CPU
		{10421950-93B5-4810-977E-85E1BE5C0D4A}.Release|Any CPU.ActiveCfg = Release|Any CPU
		{10421950-93B5-4810-977E-85E1BE5C0D4A}.Release|Any CPU.Build.0 = Release|Any CPU
	EndGlobalSection
	GlobalSection(SolutionProperties) = preSolution
		HideSolutionNode = FALSE
	EndGlobalSection
	GlobalSection(ExtensibilityGlobals) = postSolution
		SolutionGuid = {A8CC0EEE-2BC0-49AB-BFFF-69E04A9635CA}
	EndGlobalSection
EndGlobal
